
Microsoft Visual Studio Solution File, Format Version 12.00
# Visual Studio 14
VisualStudioVersion = 14.0.25420.1
MinimumVisualStudioVersion = 10.0.40219.1
Project("{FAE04EC0-301F-11D3-BF4B-00C04F79EFBC}") = "WebApiAGAIN", "WebApiAGAIN\WebApiAGAIN.csproj", "{E7A73EB8-F800-4771-98D7-8FD1DB8D870E}"
EndProject
Project("{FAE04EC0-301F-11D3-BF4B-00C04F79EFBC}") = "WebApiAGAIN.Tests", "WebApiAGAIN.Tests\WebApiAGAIN.Tests.csproj", "{41E96FD8-B8F1-45B1-9FD0-E4DFF9CD78E4}"
EndProject
Global
	GlobalSection(SolutionConfigurationPlatforms) = preSolution
		Debug|Any CPU = Debug|Any CPU
		Release|Any CPU = Release|Any CPU
	EndGlobalSection
	GlobalSection(ProjectConfigurationPlatforms) = postSolution
		{E7A73EB8-F800-4771-98D7-8FD1DB8D870E}.Debug|Any CPU.ActiveCfg = Debug|Any CPU
		{E7A73EB8-F800-4771-98D7-8FD1DB8D870E}.Debug|Any CPU.Build.0 = Debug|Any CPU
		{E7A73EB8-F800-4771-98D7-8FD1DB8D870E}.Release|Any CPU.ActiveCfg = Release|Any CPU
		{E7A73EB8-F800-4771-98D7-8FD1DB8D870E}.Release|Any CPU.Build.0 = Release|Any CPU
		{41E96FD8-B8F1-45B1-9FD0-E4DFF9CD78E4}.Debug|Any CPU.ActiveCfg = Debug|Any CPU
		{41E96FD8-B8F1-45B1-9FD0-E4DFF9CD78E4}.Debug|Any CPU.Build.0 = Debug|Any CPU
		{41E96FD8-B8F1-45B1-9FD0-E4DFF9CD78E4}.Release|Any CPU.ActiveCfg = Release|Any CPU
		{41E96FD8-B8F1-45B1-9FD0-E4DFF9CD78E4}.Release|Any CPU.Build.0 = Release|Any CPU
	EndGlobalSection
	GlobalSection(SolutionProperties) = preSolution
		HideSolutionNode = FALSE
	EndGlobalSection
EndGlobal
